
Microsoft Visual Studio Solution File, Format Version 12.00
# Visual Studio Version 17
VisualStudioVersion = 17.7.34202.233
MinimumVisualStudioVersion = 10.0.40219.1
Project("{9A19103F-16F7-4668-BE54-9A1E7A4F7556}") = "NyaExtensions", "NyaExtensions\NyaExtensions.csproj", "{578CE3A5-682A-466E-982F-DF676D6C78FE}"
EndProject
Project("{9A19103F-16F7-4668-BE54-9A1E7A4F7556}") = "NyaFs", "NyaFs\NyaFs.csproj", "{17442459-436D-4B9E-8B4F-44D935B48A6E}"
EndProject
Project("{9A19103F-16F7-4668-BE54-9A1E7A4F7556}") = "NyaFsTest", "NyaFsTest\NyaFsTest.csproj", "{1BA6938F-9B3A-4ADA-8AE6-E3CD8C7BA912}"
	ProjectSection(ProjectDependencies) = postProject
		{17442459-436D-4B9E-8B4F-44D935B48A6E} = {17442459-436D-4B9E-8B4F-44D935B48A6E}
	EndProjectSection
EndProject
Project("{9A19103F-16F7-4668-BE54-9A1E7A4F7556}") = "NyaImageTool", "NyaImageTool\NyaImageTool.csproj", "{62010B34-B500-4655-8972-5A0360D3123F}"
	ProjectSection(ProjectDependencies) = postProject
		{4B64DF0F-CD57-4A68-BEB9-676EA490578A} = {4B64DF0F-CD57-4A68-BEB9-676EA490578A}
		{17442459-436D-4B9E-8B4F-44D935B48A6E} = {17442459-436D-4B9E-8B4F-44D935B48A6E}
		{2FFD947D-8EF4-417A-BE85-CDD8A456BDFD} = {2FFD947D-8EF4-417A-BE85-CDD8A456BDFD}
		{A88BD9AE-046F-4E84-B066-35CB6CFAC504} = {A88BD9AE-046F-4E84-B066-35CB6CFAC504}
		{433FCFC8-B750-4057-8B34-BFF8E598AABF} = {433FCFC8-B750-4057-8B34-BFF8E598AABF}
	EndProjectSection
EndProject
Project("{9A19103F-16F7-4668-BE54-9A1E7A4F7556}") = "NyaLZO", "NyaLZO\NyaLZO.csproj", "{B47A5DEA-D7A4-4A3D-9735-33D9FAF37D36}"
EndProject
Project("{2150E333-8FDC-42A3-9474-1A3956D46DE8}") = "Docs", "Docs", "{7DE93B12-1E74-4204-A550-DDC4F3550AF9}"
	ProjectSection(SolutionItems) = preProject
		readme.md = readme.md
		todo.md = todo.md
	EndProjectSection
EndProject
Project("{2150E333-8FDC-42A3-9474-1A3956D46DE8}") = "Plugins", "Plugins", "{D12DEDB5-FE5C-483B-9AF0-FC9E6C751BEC}"
EndProject
Project("{9A19103F-16F7-4668-BE54-9A1E7A4F7556}") = "NyaFsSftp", "Plugins\NyaFsSftp\NyaFsSftp.csproj", "{433FCFC8-B750-4057-8B34-BFF8E598AABF}"
	ProjectSection(ProjectDependencies) = postProject
		{17442459-436D-4B9E-8B4F-44D935B48A6E} = {17442459-436D-4B9E-8B4F-44D935B48A6E}
	EndProjectSection
EndProject
Project("{9A19103F-16F7-4668-BE54-9A1E7A4F7556}") = "NyaFsFiles", "Plugins\NyaFsFiles\NyaFsFiles.csproj", "{A88BD9AE-046F-4E84-B066-35CB6CFAC504}"
	ProjectSection(ProjectDependencies) = postProject
		{17442459-436D-4B9E-8B4F-44D935B48A6E} = {17442459-436D-4B9E-8B4F-44D935B48A6E}
	EndProjectSection
EndProject
Project("{9A19103F-16F7-4668-BE54-9A1E7A4F7556}") = "NyaFsLinux", "Plugins\NyaFsLinux\NyaFsLinux.csproj", "{4B64DF0F-CD57-4A68-BEB9-676EA490578A}"
EndProject
Project("{9A19103F-16F7-4668-BE54-9A1E7A4F7556}") = "NyaFsTftp", "Plugins\NyaFsTftp\NyaFsTftp.csproj", "{2FFD947D-8EF4-417A-BE85-CDD8A456BDFD}"
EndProject
Project("{2150E333-8FDC-42A3-9474-1A3956D46DE8}") = "Workflow", "Workflow", "{D877671C-2F73-4572-A9C6-8798614526E0}"
	ProjectSection(SolutionItems) = preProject
		.github\workflows\dotnet.yml = .github\workflows\dotnet.yml
	EndProjectSection
EndProject
Project("{9A19103F-16F7-4668-BE54-9A1E7A4F7556}") = "NyaFsEncrypt", "Plugins\NyaFsEncrypt\NyaFsEncrypt.csproj", "{C0B57D62-F526-4433-BEAC-2D4772111DA9}"
	ProjectSection(ProjectDependencies) = postProject
		{17442459-436D-4B9E-8B4F-44D935B48A6E} = {17442459-436D-4B9E-8B4F-44D935B48A6E}
	EndProjectSection
EndProject
Project("{9A19103F-16F7-4668-BE54-9A1E7A4F7556}") = "NyaFsIncmEncrypt", "Plugins\NyaFsIncmEncrypt\NyaFsIncmEncrypt.csproj", "{F4487EC7-7C65-40ED-8F0B-97DADA7BC762}"
EndProject
Global
	GlobalSection(SolutionConfigurationPlatforms) = preSolution
		Debug|Any CPU = Debug|Any CPU
		Debug|x64 = Debug|x64
		Debug|x86 = Debug|x86
		Release|Any CPU = Release|Any CPU
		Release|x64 = Release|x64
		Release|x86 = Release|x86
	EndGlobalSection
	GlobalSection(ProjectConfigurationPlatforms) = postSolution
		{578CE3A5-682A-466E-982F-DF676D6C78FE}.Debug|Any CPU.ActiveCfg = Debug|Any CPU
		{578CE3A5-682A-466E-982F-DF676D6C78FE}.Debug|Any CPU.Build.0 = Debug|Any CPU
		{578CE3A5-682A-466E-982F-DF676D6C78FE}.Debug|x64.ActiveCfg = Debug|Any CPU
		{578CE3A5-682A-466E-982F-DF676D6C78FE}.Debug|x64.Build.0 = Debug|Any CPU
		{578CE3A5-682A-466E-982F-DF676D6C78FE}.Debug|x86.ActiveCfg = Debug|Any CPU
		{578CE3A5-682A-466E-982F-DF676D6C78FE}.Debug|x86.Build.0 = Debug|Any CPU
		{578CE3A5-682A-466E-982F-DF676D6C78FE}.Release|Any CPU.ActiveCfg = Release|Any CPU
		{578CE3A5-682A-466E-982F-DF676D6C78FE}.Release|Any CPU.Build.0 = Release|Any CPU
		{578CE3A5-682A-466E-982F-DF676D6C78FE}.Release|x64.ActiveCfg = Release|Any CPU
		{578CE3A5-682A-466E-982F-DF676D6C78FE}.Release|x64.Build.0 = Release|Any CPU
		{578CE3A5-682A-466E-982F-DF676D6C78FE}.Release|x86.ActiveCfg = Release|Any CPU
		{578CE3A5-682A-466E-982F-DF676D6C78FE}.Release|x86.Build.0 = Release|Any CPU
		{17442459-436D-4B9E-8B4F-44D935B48A6E}.Debug|Any CPU.ActiveCfg = Debug|Any CPU
		{17442459-436D-4B9E-8B4F-44D935B48A6E}.Debug|Any CPU.Build.0 = Debug|Any CPU
		{17442459-436D-4B9E-8B4F-44D935B48A6E}.Debug|x64.ActiveCfg = Debug|Any CPU
		{17442459-436D-4B9E-8B4F-44D935B48A6E}.Debug|x64.Build.0 = Debug|Any CPU
		{17442459-436D-4B9E-8B4F-44D935B48A6E}.Debug|x86.ActiveCfg = Debug|Any CPU
		{17442459-436D-4B9E-8B4F-44D935B48A6E}.Debug|x86.Build.0 = Debug|Any CPU
		{17442459-436D-4B9E-8B4F-44D935B48A6E}.Release|Any CPU.ActiveCfg = Release|Any CPU
		{17442459-436D-4B9E-8B4F-44D935B48A6E}.Release|Any CPU.Build.0 = Release|Any CPU
		{17442459-436D-4B9E-8B4F-44D935B48A6E}.Release|x64.ActiveCfg = Release|Any CPU
		{17442459-436D-4B9E-8B4F-44D935B48A6E}.Release|x64.Build.0 = Release|Any CPU
		{17442459-436D-4B9E-8B4F-44D935B48A6E}.Release|x86.ActiveCfg = Release|Any CPU
		{17442459-436D-4B9E-8B4F-44D935B48A6E}.Release|x86.Build.0 = Release|Any CPU
		{1BA6938F-9B3A-4ADA-8AE6-E3CD8C7BA912}.Debug|Any CPU.ActiveCfg = Debug|Any CPU
		{1BA6938F-9B3A-4ADA-8AE6-E3CD8C7BA912}.Debug|Any CPU.Build.0 = Debug|Any CPU
		{1BA6938F-9B3A-4ADA-8AE6-E3CD8C7BA912}.Debug|x64.ActiveCfg = Debug|Any CPU
		{1BA6938F-9B3A-4ADA-8AE6-E3CD8C7BA912}.Debug|x64.Build.0 = Debug|Any CPU
		{1BA6938F-9B3A-4ADA-8AE6-E3CD8C7BA912}.Debug|x86.ActiveCfg = Debug|Any CPU
		{1BA6938F-9B3A-4ADA-8AE6-E3CD8C7BA912}.Debug|x86.Build.0 = Debug|Any CPU
		{1BA6938F-9B3A-4ADA-8AE6-E3CD8C7BA912}.Release|Any CPU.ActiveCfg = Release|Any CPU
		{1BA6938F-9B3A-4ADA-8AE6-E3CD8C7BA912}.Release|Any CPU.Build.0 = Release|Any CPU
		{1BA6938F-9B3A-4ADA-8AE6-E3CD8C7BA912}.Release|x64.ActiveCfg = Release|Any CPU
		{1BA6938F-9B3A-4ADA-8AE6-E3CD8C7BA912}.Release|x64.Build.0 = Release|Any CPU
		{1BA6938F-9B3A-4ADA-8AE6-E3CD8C7BA912}.Release|x86.ActiveCfg = Release|Any CPU
		{1BA6938F-9B3A-4ADA-8AE6-E3CD8C7BA912}.Release|x86.Build.0 = Release|Any CPU
		{62010B34-B500-4655-8972-5A0360D3123F}.Debug|Any CPU.ActiveCfg = Debug|Any CPU
		{62010B34-B500-4655-8972-5A0360D3123F}.Debug|Any CPU.Build.0 = Debug|Any CPU
		{62010B34-B500-4655-8972-5A0360D3123F}.Debug|x64.ActiveCfg = Debug|Any CPU
		{62010B34-B500-4655-8972-5A0360D3123F}.Debug|x64.Build.0 = Debug|Any CPU
		{62010B34-B500-4655-8972-5A0360D3123F}.Debug|x86.ActiveCfg = Debug|Any CPU
		{62010B34-B500-4655-8972-5A0360D3123F}.Debug|x86.Build.0 = Debug|Any CPU
		{62010B34-B500-4655-8972-5A0360D3123F}.Release|Any CPU.ActiveCfg = Release|Any CPU
		{62010B34-B500-4655-8972-5A0360D3123F}.Release|Any CPU.Build.0 = Release|Any CPU
		{62010B34-B500-4655-8972-5A0360D3123F}.Release|x64.ActiveCfg = Release|Any CPU
		{62010B34-B500-4655-8972-5A0360D3123F}.Release|x64.Build.0 = Release|Any CPU
		{62010B34-B500-4655-8972-5A0360D3123F}.Release|x86.ActiveCfg = Release|Any CPU
		{62010B34-B500-4655-8972-5A0360D3123F}.Release|x86.Build.0 = Release|Any CPU
		{B47A5DEA-D7A4-4A3D-9735-33D9FAF37D36}.Debug|Any CPU.ActiveCfg = Debug|Any CPU
		{B47A5DEA-D7A4-4A3D-9735-33D9FAF37D36}.Debug|Any CPU.Build.0 = Debug|Any CPU
		{B47A5DEA-D7A4-4A3D-9735-33D9FAF37D36}.Debug|x64.ActiveCfg = Debug|Any CPU
		{B47A5DEA-D7A4-4A3D-9735-33D9FAF37D36}.Debug|x64.Build.0 = Debug|Any CPU
		{B47A5DEA-D7A4-4A3D-9735-33D9FAF37D36}.Debug|x86.ActiveCfg = Debug|Any CPU
		{B47A5DEA-D7A4-4A3D-9735-33D9FAF37D36}.Debug|x86.Build.0 = Debug|Any CPU
		{B47A5DEA-D7A4-4A3D-9735-33D9FAF37D36}.Release|Any CPU.ActiveCfg = Release|Any CPU
		{B47A5DEA-D7A4-4A3D-9735-33D9FAF37D36}.Release|Any CPU.Build.0 = Release|Any CPU
		{B47A5DEA-D7A4-4A3D-9735-33D9FAF37D36}.Release|x64.ActiveCfg = Release|Any CPU
		{B47A5DEA-D7A4-4A3D-9735-33D9FAF37D36}.Release|x64.Build.0 = Release|Any CPU
		{B47A5DEA-D7A4-4A3D-9735-33D9FAF37D36}.Release|x86.ActiveCfg = Release|Any CPU
		{B47A5DEA-D7A4-4A3D-9735-33D9FAF37D36}.Release|x86.Build.0 = Release|Any CPU
		{433FCFC8-B750-4057-8B34-BFF8E598AABF}.Debug|Any CPU.ActiveCfg = Debug|Any CPU
		{433FCFC8-B750-4057-8B34-BFF8E598AABF}.Debug|Any CPU.Build.0 = Debug|Any CPU
		{433FCFC8-B750-4057-8B34-BFF8E598AABF}.Debug|x64.ActiveCfg = Debug|Any CPU
		{433FCFC8-B750-4057-8B34-BFF8E598AABF}.Debug|x64.Build.0 = Debug|Any CPU
		{433FCFC8-B750-4057-8B34-BFF8E598AABF}.Debug|x86.ActiveCfg = Debug|Any CPU
		{433FCFC8-B750-4057-8B34-BFF8E598AABF}.Debug|x86.Build.0 = Debug|Any CPU
		{433FCFC8-B750-4057-8B34-BFF8E598AABF}.Release|Any CPU.ActiveCfg = Release|Any CPU
		{433FCFC8-B750-4057-8B34-BFF8E598AABF}.Release|Any CPU.Build.0 = Release|Any CPU
		{433FCFC8-B750-4057-8B34-BFF8E598AABF}.Release|x64.ActiveCfg = Release|Any CPU
		{433FCFC8-B750-4057-8B34-BFF8E598AABF}.Release|x64.Build.0 = Release|Any CPU
		{433FCFC8-B750-4057-8B34-BFF8E598AABF}.Release|x86.ActiveCfg = Release|Any CPU
		{433FCFC8-B750-4057-8B34-BFF8E598AABF}.Release|x86.Build.0 = Release|Any CPU
		{A88BD9AE-046F-4E84-B066-35CB6CFAC504}.Debug|Any CPU.ActiveCfg = Debug|Any CPU
		{A88BD9AE-046F-4E84-B066-35CB6CFAC504}.Debug|Any CPU.Build.0 = Debug|Any CPU
		{A88BD9AE-046F-4E84-B066-35CB6CFAC504}.Debug|x64.ActiveCfg = Debug|Any CPU
		{A88BD9AE-046F-4E84-B066-35CB6CFAC504}.Debug|x64.Build.0 = Debug|Any CPU
		{A88BD9AE-046F-4E84-B066-35CB6CFAC504}.Debug|x86.ActiveCfg = Debug|Any CPU
		{A88BD9AE-046F-4E84-B066-35CB6CFAC504}.Debug|x86.Build.0 = Debug|Any CPU
		{A88BD9AE-046F-4E84-B066-35CB6CFAC504}.Release|Any CPU.ActiveCfg = Release|Any CPU
		{A88BD9AE-046F-4E84-B066-35CB6CFAC504}.Release|Any CPU.Build.0 = Release|Any CPU
		{A88BD9AE-046F-4E84-B066-35CB6CFAC504}.Release|x64.ActiveCfg = Release|Any CPU
		{A88BD9AE-046F-4E84-B066-35CB6CFAC504}.Release|x64.Build.0 = Release|Any CPU
		{A88BD9AE-046F-4E84-B066-35CB6CFAC504}.Release|x86.ActiveCfg = Release|Any CPU
		{A88BD9AE-046F-4E84-B066-35CB6CFAC504}.Release|x86.Build.0 = Release|Any CPU
		{4B64DF0F-CD57-4A68-BEB9-676EA490578A}.Debug|Any CPU.ActiveCfg = Debug|Any CPU
		{4B64DF0F-CD57-4A68-BEB9-676EA490578A}.Debug|Any CPU.Build.0 = Debug|Any CPU
		{4B64DF0F-CD57-4A68-BEB9-676EA490578A}.Debug|x64.ActiveCfg = Debug|Any CPU
		{4B64DF0F-CD57-4A68-BEB9-676EA490578A}.Debug|x64.Build.0 = Debug|Any CPU
		{4B64DF0F-CD57-4A68-BEB9-676EA490578A}.Debug|x86.ActiveCfg = Debug|Any CPU
		{4B64DF0F-CD57-4A68-BEB9-676EA490578A}.Debug|x86.Build.0 = Debug|Any CPU
		{4B64DF0F-CD57-4A68-BEB9-676EA490578A}.Release|Any CPU.ActiveCfg = Release|Any CPU
		{4B64DF0F-CD57-4A68-BEB9-676EA490578A}.Release|Any CPU.Build.0 = Release|Any CPU
		{4B64DF0F-CD57-4A68-BEB9-676EA490578A}.Release|x64.ActiveCfg = Release|Any CPU
		{4B64DF0F-CD57-4A68-BEB9-676EA490578A}.Release|x64.Build.0 = Release|Any CPU
		{4B64DF0F-CD57-4A68-BEB9-676EA490578A}.Release|x86.ActiveCfg = Release|Any CPU
		{4B64DF0F-CD57-4A68-BEB9-676EA490578A}.Release|x86.Build.0 = Release|Any CPU
		{2FFD947D-8EF4-417A-BE85-CDD8A456BDFD}.Debug|Any CPU.ActiveCfg = Debug|Any CPU
		{2FFD947D-8EF4-417A-BE85-CDD8A456BDFD}.Debug|Any CPU.Build.0 = Debug|Any CPU
		{2FFD947D-8EF4-417A-BE85-CDD8A456BDFD}.Debug|x64.ActiveCfg = Debug|Any CPU
		{2FFD947D-8EF4-417A-BE85-CDD8A456BDFD}.Debug|x64.Build.0 = Debug|Any CPU
		{2FFD947D-8EF4-417A-BE85-CDD8A456BDFD}.Debug|x86.ActiveCfg = Debug|Any CPU
		{2FFD947D-8EF4-417A-BE85-CDD8A456BDFD}.Debug|x86.Build.0 = Debug|Any CPU
		{2FFD947D-8EF4-417A-BE85-CDD8A456BDFD}.Release|Any CPU.ActiveCfg = Release|Any CPU
		{2FFD947D-8EF4-417A-BE85-CDD8A456BDFD}.Release|Any CPU.Build.0 = Release|Any CPU
		{2FFD947D-8EF4-417A-BE85-CDD8A456BDFD}.Release|x64.ActiveCfg = Release|Any CPU
		{2FFD947D-8EF4-417A-BE85-CDD8A456BDFD}.Release|x64.Build.0 = Release|Any CPU
		{2FFD947D-8EF4-417A-BE85-CDD8A456BDFD}.Release|x86.ActiveCfg = Release|Any CPU
		{2FFD947D-8EF4-417A-BE85-CDD8A456BDFD}.Release|x86.Build.0 = Release|Any CPU
		{C0B57D62-F526-4433-BEAC-2D4772111DA9}.Debug|Any CPU.ActiveCfg = Debug|Any CPU
		{C0B57D62-F526-4433-BEAC-2D4772111DA9}.Debug|Any CPU.Build.0 = Debug|Any CPU
		{C0B57D62-F526-4433-BEAC-2D4772111DA9}.Debug|x64.ActiveCfg = Debug|Any CPU
		{C0B57D62-F526-4433-BEAC-2D4772111DA9}.Debug|x64.Build.0 = Debug|Any CPU
		{C0B57D62-F526-4433-BEAC-2D4772111DA9}.Debug|x86.ActiveCfg = Debug|Any CPU
		{C0B57D62-F526-4433-BEAC-2D4772111DA9}.Debug|x86.Build.0 = Debug|Any CPU
		{C0B57D62-F526-4433-BEAC-2D4772111DA9}.Release|Any CPU.ActiveCfg = Release|Any CPU
		{C0B57D62-F526-4433-BEAC-2D4772111DA9}.Release|Any CPU.Build.0 = Release|Any CPU
		{C0B57D62-F526-4433-BEAC-2D4772111DA9}.Release|x64.ActiveCfg = Release|Any CPU
		{C0B57D62-F526-4433-BEAC-2D4772111DA9}.Release|x64.Build.0 = Release|Any CPU
		{C0B57D62-F526-4433-BEAC-2D4772111DA9}.Release|x86.ActiveCfg = Release|Any CPU
		{C0B57D62-F526-4433-BEAC-2D4772111DA9}.Release|x86.Build.0 = Release|Any CPU
		{F4487EC7-7C65-40ED-8F0B-97DADA7BC762}.Debug|Any CPU.ActiveCfg = Debug|Any CPU
		{F4487EC7-7C65-40ED-8F0B-97DADA7BC762}.Debug|Any CPU.Build.0 = Debug|Any CPU
		{F4487EC7-7C65-40ED-8F0B-97DADA7BC762}.Debug|x64.ActiveCfg = Debug|Any CPU
		{F4487EC7-7C65-40ED-8F0B-97DADA7BC762}.Debug|x64.Build.0 = Debug|Any CPU
		{F4487EC7-7C65-40ED-8F0B-97DADA7BC762}.Debug|x86.ActiveCfg = Debug|Any CPU
		{F4487EC7-7C65-40ED-8F0B-97DADA7BC762}.Debug|x86.Build.0 = Debug|Any CPU
		{F4487EC7-7C65-40ED-8F0B-97DADA7BC762}.Release|Any CPU.ActiveCfg = Release|Any CPU
		{F4487EC7-7C65-40ED-8F0B-97DADA7BC762}.Release|Any CPU.Build.0 = Release|Any CPU
		{F4487EC7-7C65-40ED-8F0B-97DADA7BC762}.Release|x64.ActiveCfg = Release|Any CPU
		{F4487EC7-7C65-40ED-8F0B-97DADA7BC762}.Release|x64.Build.0 = Release|Any CPU
		{F4487EC7-7C65-40ED-8F0B-97DADA7BC762}.Release|x86.ActiveCfg = Release|Any CPU
		{F4487EC7-7C65-40ED-8F0B-97DADA7BC762}.Release|x86.Build.0 = Release|Any CPU
	EndGlobalSection
	GlobalSection(SolutionProperties) = preSolution
		HideSolutionNode = FALSE
	EndGlobalSection
	GlobalSection(NestedProjects) = preSolution
		{433FCFC8-B750-4057-8B34-BFF8E598AABF} = {D12DEDB5-FE5C-483B-9AF0-FC9E6C751BEC}
		{A88BD9AE-046F-4E84-B066-35CB6CFAC504} = {D12DEDB5-FE5C-483B-9AF0-FC9E6C751BEC}
		{4B64DF0F-CD57-4A68-BEB9-676EA490578A} = {D12DEDB5-FE5C-483B-9AF0-FC9E6C751BEC}
		{2FFD947D-8EF4-417A-BE85-CDD8A456BDFD} = {D12DEDB5-FE5C-483B-9AF0-FC9E6C751BEC}
		{C0B57D62-F526-4433-BEAC-2D4772111DA9} = {D12DEDB5-FE5C-483B-9AF0-FC9E6C751BEC}
		{F4487EC7-7C65-40ED-8F0B-97DADA7BC762} = {D12DEDB5-FE5C-483B-9AF0-FC9E6C751BEC}
	EndGlobalSection
	GlobalSection(ExtensibilityGlobals) = postSolution
		SolutionGuid = {AB408CED-798C-4B0A-911C-67380FEE10B7}
	EndGlobalSection
EndGlobal
