
Microsoft Visual Studio Solution File, Format Version 12.00
# Visual Studio Version 16
VisualStudioVersion = 16.0.31105.61
MinimumVisualStudioVersion = 10.0.40219.1
Project("{9A19103F-16F7-4668-BE54-9A1E7A4F7556}") = "CpioLib", "CpioLib\CpioLib.csproj", "{CC75113A-1450-4EF6-B85C-C769F57C350F}"
	ProjectSection(ProjectDependencies) = postProject
		{578CE3A5-682A-466E-982F-DF676D6C78FE} = {578CE3A5-682A-466E-982F-DF676D6C78FE}
	EndProjectSection
EndProject
Project("{9A19103F-16F7-4668-BE54-9A1E7A4F7556}") = "Extensions", "Extensions\Extensions.csproj", "{578CE3A5-682A-466E-982F-DF676D6C78FE}"
EndProject
Project("{9A19103F-16F7-4668-BE54-9A1E7A4F7556}") = "NyaFs", "NyaFs\NyaFs.csproj", "{17442459-436D-4B9E-8B4F-44D935B48A6E}"
EndProject
Project("{9A19103F-16F7-4668-BE54-9A1E7A4F7556}") = "NyaFsTest", "NyaFsTest\NyaFsTest.csproj", "{1BA6938F-9B3A-4ADA-8AE6-E3CD8C7BA912}"
	ProjectSection(ProjectDependencies) = postProject
		{17442459-436D-4B9E-8B4F-44D935B48A6E} = {17442459-436D-4B9E-8B4F-44D935B48A6E}
		{B7799C6F-8A5B-4BD8-8BFD-3D1140033AA9} = {B7799C6F-8A5B-4BD8-8BFD-3D1140033AA9}
	EndProjectSection
EndProject
Project("{9A19103F-16F7-4668-BE54-9A1E7A4F7556}") = "NyaImageTool", "NyaImageTool\NyaImageTool.csproj", "{62010B34-B500-4655-8972-5A0360D3123F}"
	ProjectSection(ProjectDependencies) = postProject
		{17442459-436D-4B9E-8B4F-44D935B48A6E} = {17442459-436D-4B9E-8B4F-44D935B48A6E}
	EndProjectSection
EndProject
Project("{FAE04EC0-301F-11D3-BF4B-00C04F79EFBC}") = "NyaExt4", "NyaExt4\NyaExt4.csproj", "{B7799C6F-8A5B-4BD8-8BFD-3D1140033AA9}"
EndProject
Global
	GlobalSection(SolutionConfigurationPlatforms) = preSolution
		Debug|Any CPU = Debug|Any CPU
		Debug|x64 = Debug|x64
		Debug|x86 = Debug|x86
		Release|Any CPU = Release|Any CPU
		Release|x64 = Release|x64
		Release|x86 = Release|x86
	EndGlobalSection
	GlobalSection(ProjectConfigurationPlatforms) = postSolution
		{CC75113A-1450-4EF6-B85C-C769F57C350F}.Debug|Any CPU.ActiveCfg = Debug|Any CPU
		{CC75113A-1450-4EF6-B85C-C769F57C350F}.Debug|Any CPU.Build.0 = Debug|Any CPU
		{CC75113A-1450-4EF6-B85C-C769F57C350F}.Debug|x64.ActiveCfg = Debug|Any CPU
		{CC75113A-1450-4EF6-B85C-C769F57C350F}.Debug|x64.Build.0 = Debug|Any CPU
		{CC75113A-1450-4EF6-B85C-C769F57C350F}.Debug|x86.ActiveCfg = Debug|Any CPU
		{CC75113A-1450-4EF6-B85C-C769F57C350F}.Debug|x86.Build.0 = Debug|Any CPU
		{CC75113A-1450-4EF6-B85C-C769F57C350F}.Release|Any CPU.ActiveCfg = Release|Any CPU
		{CC75113A-1450-4EF6-B85C-C769F57C350F}.Release|Any CPU.Build.0 = Release|Any CPU
		{CC75113A-1450-4EF6-B85C-C769F57C350F}.Release|x64.ActiveCfg = Release|Any CPU
		{CC75113A-1450-4EF6-B85C-C769F57C350F}.Release|x64.Build.0 = Release|Any CPU
		{CC75113A-1450-4EF6-B85C-C769F57C350F}.Release|x86.ActiveCfg = Release|Any CPU
		{CC75113A-1450-4EF6-B85C-C769F57C350F}.Release|x86.Build.0 = Release|Any CPU
		{578CE3A5-682A-466E-982F-DF676D6C78FE}.Debug|Any CPU.ActiveCfg = Debug|Any CPU
		{578CE3A5-682A-466E-982F-DF676D6C78FE}.Debug|Any CPU.Build.0 = Debug|Any CPU
		{578CE3A5-682A-466E-982F-DF676D6C78FE}.Debug|x64.ActiveCfg = Debug|Any CPU
		{578CE3A5-682A-466E-982F-DF676D6C78FE}.Debug|x64.Build.0 = Debug|Any CPU
		{578CE3A5-682A-466E-982F-DF676D6C78FE}.Debug|x86.ActiveCfg = Debug|Any CPU
		{578CE3A5-682A-466E-982F-DF676D6C78FE}.Debug|x86.Build.0 = Debug|Any CPU
		{578CE3A5-682A-466E-982F-DF676D6C78FE}.Release|Any CPU.ActiveCfg = Release|Any CPU
		{578CE3A5-682A-466E-982F-DF676D6C78FE}.Release|Any CPU.Build.0 = Release|Any CPU
		{578CE3A5-682A-466E-982F-DF676D6C78FE}.Release|x64.ActiveCfg = Release|Any CPU
		{578CE3A5-682A-466E-982F-DF676D6C78FE}.Release|x64.Build.0 = Release|Any CPU
		{578CE3A5-682A-466E-982F-DF676D6C78FE}.Release|x86.ActiveCfg = Release|Any CPU
		{578CE3A5-682A-466E-982F-DF676D6C78FE}.Release|x86.Build.0 = Release|Any CPU
		{17442459-436D-4B9E-8B4F-44D935B48A6E}.Debug|Any CPU.ActiveCfg = Debug|Any CPU
		{17442459-436D-4B9E-8B4F-44D935B48A6E}.Debug|Any CPU.Build.0 = Debug|Any CPU
		{17442459-436D-4B9E-8B4F-44D935B48A6E}.Debug|x64.ActiveCfg = Debug|Any CPU
		{17442459-436D-4B9E-8B4F-44D935B48A6E}.Debug|x64.Build.0 = Debug|Any CPU
		{17442459-436D-4B9E-8B4F-44D935B48A6E}.Debug|x86.ActiveCfg = Debug|Any CPU
		{17442459-436D-4B9E-8B4F-44D935B48A6E}.Debug|x86.Build.0 = Debug|Any CPU
		{17442459-436D-4B9E-8B4F-44D935B48A6E}.Release|Any CPU.ActiveCfg = Release|Any CPU
		{17442459-436D-4B9E-8B4F-44D935B48A6E}.Release|Any CPU.Build.0 = Release|Any CPU
		{17442459-436D-4B9E-8B4F-44D935B48A6E}.Release|x64.ActiveCfg = Release|Any CPU
		{17442459-436D-4B9E-8B4F-44D935B48A6E}.Release|x64.Build.0 = Release|Any CPU
		{17442459-436D-4B9E-8B4F-44D935B48A6E}.Release|x86.ActiveCfg = Release|Any CPU
		{17442459-436D-4B9E-8B4F-44D935B48A6E}.Release|x86.Build.0 = Release|Any CPU
		{1BA6938F-9B3A-4ADA-8AE6-E3CD8C7BA912}.Debug|Any CPU.ActiveCfg = Debug|Any CPU
		{1BA6938F-9B3A-4ADA-8AE6-E3CD8C7BA912}.Debug|Any CPU.Build.0 = Debug|Any CPU
		{1BA6938F-9B3A-4ADA-8AE6-E3CD8C7BA912}.Debug|x64.ActiveCfg = Debug|Any CPU
		{1BA6938F-9B3A-4ADA-8AE6-E3CD8C7BA912}.Debug|x64.Build.0 = Debug|Any CPU
		{1BA6938F-9B3A-4ADA-8AE6-E3CD8C7BA912}.Debug|x86.ActiveCfg = Debug|Any CPU
		{1BA6938F-9B3A-4ADA-8AE6-E3CD8C7BA912}.Debug|x86.Build.0 = Debug|Any CPU
		{1BA6938F-9B3A-4ADA-8AE6-E3CD8C7BA912}.Release|Any CPU.ActiveCfg = Release|Any CPU
		{1BA6938F-9B3A-4ADA-8AE6-E3CD8C7BA912}.Release|Any CPU.Build.0 = Release|Any CPU
		{1BA6938F-9B3A-4ADA-8AE6-E3CD8C7BA912}.Release|x64.ActiveCfg = Release|Any CPU
		{1BA6938F-9B3A-4ADA-8AE6-E3CD8C7BA912}.Release|x64.Build.0 = Release|Any CPU
		{1BA6938F-9B3A-4ADA-8AE6-E3CD8C7BA912}.Release|x86.ActiveCfg = Release|Any CPU
		{1BA6938F-9B3A-4ADA-8AE6-E3CD8C7BA912}.Release|x86.Build.0 = Release|Any CPU
		{62010B34-B500-4655-8972-5A0360D3123F}.Debug|Any CPU.ActiveCfg = Debug|Any CPU
		{62010B34-B500-4655-8972-5A0360D3123F}.Debug|Any CPU.Build.0 = Debug|Any CPU
		{62010B34-B500-4655-8972-5A0360D3123F}.Debug|x64.ActiveCfg = Debug|Any CPU
		{62010B34-B500-4655-8972-5A0360D3123F}.Debug|x64.Build.0 = Debug|Any CPU
		{62010B34-B500-4655-8972-5A0360D3123F}.Debug|x86.ActiveCfg = Debug|Any CPU
		{62010B34-B500-4655-8972-5A0360D3123F}.Debug|x86.Build.0 = Debug|Any CPU
		{62010B34-B500-4655-8972-5A0360D3123F}.Release|Any CPU.ActiveCfg = Release|Any CPU
		{62010B34-B500-4655-8972-5A0360D3123F}.Release|Any CPU.Build.0 = Release|Any CPU
		{62010B34-B500-4655-8972-5A0360D3123F}.Release|x64.ActiveCfg = Release|Any CPU
		{62010B34-B500-4655-8972-5A0360D3123F}.Release|x64.Build.0 = Release|Any CPU
		{62010B34-B500-4655-8972-5A0360D3123F}.Release|x86.ActiveCfg = Release|Any CPU
		{62010B34-B500-4655-8972-5A0360D3123F}.Release|x86.Build.0 = Release|Any CPU
		{B7799C6F-8A5B-4BD8-8BFD-3D1140033AA9}.Debug|Any CPU.ActiveCfg = Debug|Any CPU
		{B7799C6F-8A5B-4BD8-8BFD-3D1140033AA9}.Debug|Any CPU.Build.0 = Debug|Any CPU
		{B7799C6F-8A5B-4BD8-8BFD-3D1140033AA9}.Debug|x64.ActiveCfg = Debug|Any CPU
		{B7799C6F-8A5B-4BD8-8BFD-3D1140033AA9}.Debug|x64.Build.0 = Debug|Any CPU
		{B7799C6F-8A5B-4BD8-8BFD-3D1140033AA9}.Debug|x86.ActiveCfg = Debug|Any CPU
		{B7799C6F-8A5B-4BD8-8BFD-3D1140033AA9}.Debug|x86.Build.0 = Debug|Any CPU
		{B7799C6F-8A5B-4BD8-8BFD-3D1140033AA9}.Release|Any CPU.ActiveCfg = Release|Any CPU
		{B7799C6F-8A5B-4BD8-8BFD-3D1140033AA9}.Release|Any CPU.Build.0 = Release|Any CPU
		{B7799C6F-8A5B-4BD8-8BFD-3D1140033AA9}.Release|x64.ActiveCfg = Release|Any CPU
		{B7799C6F-8A5B-4BD8-8BFD-3D1140033AA9}.Release|x64.Build.0 = Release|Any CPU
		{B7799C6F-8A5B-4BD8-8BFD-3D1140033AA9}.Release|x86.ActiveCfg = Release|Any CPU
		{B7799C6F-8A5B-4BD8-8BFD-3D1140033AA9}.Release|x86.Build.0 = Release|Any CPU
	EndGlobalSection
	GlobalSection(SolutionProperties) = preSolution
		HideSolutionNode = FALSE
	EndGlobalSection
	GlobalSection(ExtensibilityGlobals) = postSolution
		SolutionGuid = {AB408CED-798C-4B0A-911C-67380FEE10B7}
	EndGlobalSection
EndGlobal
